
Microsoft Visual Studio Solution File, Format Version 11.00
# Visual Studio 2010
Project("{FAE04EC0-301F-11D3-BF4B-00C04F79EFBC}") = "WG3000_Demo_Basic", "WG3000_Demo_Basic\WG3000_Demo_Basic.csproj", "{FDE1665E-CC49-453C-9868-CD9C738F1B00}"
EndProject
Global
	GlobalSection(SolutionConfigurationPlatforms) = preSolution
		Debug|Any CPU = Debug|Any CPU
		Release|Any CPU = Release|Any CPU
	EndGlobalSection
	GlobalSection(ProjectConfigurationPlatforms) = postSolution
		{FDE1665E-CC49-453C-9868-CD9C738F1B00}.Debug|Any CPU.ActiveCfg = Debug|Any CPU
		{FDE1665E-CC49-453C-9868-CD9C738F1B00}.Debug|Any CPU.Build.0 = Debug|Any CPU
		{FDE1665E-CC49-453C-9868-CD9C738F1B00}.Release|Any CPU.ActiveCfg = Release|Any CPU
		{FDE1665E-CC49-453C-9868-CD9C738F1B00}.Release|Any CPU.Build.0 = Release|Any CPU
	EndGlobalSection
	GlobalSection(SolutionProperties) = preSolution
		HideSolutionNode = FALSE
	EndGlobalSection
EndGlobal
